
Microsoft Visual Studio Solution File, Format Version 12.00
# Visual Studio Version 17
VisualStudioVersion = 17.4.33103.184
MinimumVisualStudioVersion = 10.0.40219.1
Project("{FAE04EC0-301F-11D3-BF4B-00C04F79EFBC}") = "Annexation/DestroyKingdom", "Annexation/DestroyKingdom.csproj", "{9ED7384E-02FE-45C0-9747-CB0EDE50D703}"
EndProject
Global
	GlobalSection(SolutionConfigurationPlatforms) = preSolution
		Beta_Debug|x64 = Beta_Debug|x64
		Beta_Release|x64 = Beta_Release|x64
		Debug|x64 = Debug|x64
		Release|x64 = Release|x64
		Stable_Debug|x64 = Stable_Debug|x64
		Stable_Release|x64 = Stable_Release|x64
	EndGlobalSection
	GlobalSection(ProjectConfigurationPlatforms) = postSolution
		{9ED7384E-02FE-45C0-9747-CB0EDE50D703}.Beta_Debug|x64.ActiveCfg = Beta_Debug|x64
		{9ED7384E-02FE-45C0-9747-CB0EDE50D703}.Beta_Debug|x64.Build.0 = Beta_Debug|x64
		{9ED7384E-02FE-45C0-9747-CB0EDE50D703}.Beta_Release|x64.ActiveCfg = Beta_Release|x64
		{9ED7384E-02FE-45C0-9747-CB0EDE50D703}.Beta_Release|x64.Build.0 = Beta_Release|x64
		{9ED7384E-02FE-45C0-9747-CB0EDE50D703}.Debug|x64.ActiveCfg = Debug|x64
		{9ED7384E-02FE-45C0-9747-CB0EDE50D703}.Debug|x64.Build.0 = Debug|x64
		{9ED7384E-02FE-45C0-9747-CB0EDE50D703}.Release|x64.ActiveCfg = Release|x64
		{9ED7384E-02FE-45C0-9747-CB0EDE50D703}.Release|x64.Build.0 = Release|x64
		{9ED7384E-02FE-45C0-9747-CB0EDE50D703}.Stable_Debug|x64.ActiveCfg = Stable_Debug|x64
		{9ED7384E-02FE-45C0-9747-CB0EDE50D703}.Stable_Debug|x64.Build.0 = Stable_Debug|x64
		{9ED7384E-02FE-45C0-9747-CB0EDE50D703}.Stable_Release|x64.ActiveCfg = Stable_Release|x64
		{9ED7384E-02FE-45C0-9747-CB0EDE50D703}.Stable_Release|x64.Build.0 = Stable_Release|x64
	EndGlobalSection
	GlobalSection(SolutionProperties) = preSolution
		HideSolutionNode = FALSE
	EndGlobalSection
	GlobalSection(ExtensibilityGlobals) = postSolution
		SolutionGuid = {A53BB2E0-0EE5-488E-B47B-87DAAD2B49DB}
	EndGlobalSection
EndGlobal
